
Microsoft Visual Studio Solution File, Format Version 12.00
# Visual Studio Version 16
VisualStudioVersion = 16.0.29403.142
MinimumVisualStudioVersion = 10.0.40219.1
Project("{FAE04EC0-301F-11D3-BF4B-00C04F79EFBC}") = "mobileappApplication.WatchOSApp", "mobileappApplication\mobileappApplication.WatchOSApp\mobileappApplication.WatchOSApp.csproj", "{2C5C751D-F73D-442E-8F60-1DE2337969B6}"
EndProject
Project("{FAE04EC0-301F-11D3-BF4B-00C04F79EFBC}") = "mobileappApplication.WatchOSExtension", "mobileappApplication\mobileappApplication.WatchOSExtension\mobileappApplication.WatchOSExtension.csproj", "{587E1BDC-3BFF-4FA3-9AE3-EB207D25CAED}"
EndProject
Global
	GlobalSection(SolutionConfigurationPlatforms) = preSolution
		Debug|iPhone = Debug|iPhone
		Debug|iPhoneSimulator = Debug|iPhoneSimulator
		Release|iPhone = Release|iPhone
		Release|iPhoneSimulator = Release|iPhoneSimulator
	EndGlobalSection
	GlobalSection(ProjectConfigurationPlatforms) = postSolution
		{2C5C751D-F73D-442E-8F60-1DE2337969B6}.Debug|iPhone.ActiveCfg = Debug|iPhone
		{2C5C751D-F73D-442E-8F60-1DE2337969B6}.Debug|iPhone.Build.0 = Debug|iPhone
		{2C5C751D-F73D-442E-8F60-1DE2337969B6}.Debug|iPhone.Deploy.0 = Debug|iPhone
		{2C5C751D-F73D-442E-8F60-1DE2337969B6}.Debug|iPhoneSimulator.ActiveCfg = Debug|iPhoneSimulator
		{2C5C751D-F73D-442E-8F60-1DE2337969B6}.Debug|iPhoneSimulator.Build.0 = Debug|iPhoneSimulator
		{2C5C751D-F73D-442E-8F60-1DE2337969B6}.Debug|iPhoneSimulator.Deploy.0 = Debug|iPhoneSimulator
		{2C5C751D-F73D-442E-8F60-1DE2337969B6}.Release|iPhone.ActiveCfg = Release|iPhone
		{2C5C751D-F73D-442E-8F60-1DE2337969B6}.Release|iPhone.Build.0 = Release|iPhone
		{2C5C751D-F73D-442E-8F60-1DE2337969B6}.Release|iPhone.Deploy.0 = Release|iPhone
		{2C5C751D-F73D-442E-8F60-1DE2337969B6}.Release|iPhoneSimulator.ActiveCfg = Release|iPhoneSimulator
		{2C5C751D-F73D-442E-8F60-1DE2337969B6}.Release|iPhoneSimulator.Build.0 = Release|iPhoneSimulator
		{2C5C751D-F73D-442E-8F60-1DE2337969B6}.Release|iPhoneSimulator.Deploy.0 = Release|iPhoneSimulator
		{587E1BDC-3BFF-4FA3-9AE3-EB207D25CAED}.Debug|iPhone.ActiveCfg = Debug|iPhone
		{587E1BDC-3BFF-4FA3-9AE3-EB207D25CAED}.Debug|iPhone.Build.0 = Debug|iPhone
		{587E1BDC-3BFF-4FA3-9AE3-EB207D25CAED}.Debug|iPhone.Deploy.0 = Debug|iPhone
		{587E1BDC-3BFF-4FA3-9AE3-EB207D25CAED}.Debug|iPhoneSimulator.ActiveCfg = Debug|iPhoneSimulator
		{587E1BDC-3BFF-4FA3-9AE3-EB207D25CAED}.Debug|iPhoneSimulator.Build.0 = Debug|iPhoneSimulator
		{587E1BDC-3BFF-4FA3-9AE3-EB207D25CAED}.Debug|iPhoneSimulator.Deploy.0 = Debug|iPhoneSimulator
		{587E1BDC-3BFF-4FA3-9AE3-EB207D25CAED}.Release|iPhone.ActiveCfg = Release|iPhone
		{587E1BDC-3BFF-4FA3-9AE3-EB207D25CAED}.Release|iPhone.Build.0 = Release|iPhone
		{587E1BDC-3BFF-4FA3-9AE3-EB207D25CAED}.Release|iPhone.Deploy.0 = Release|iPhone
		{587E1BDC-3BFF-4FA3-9AE3-EB207D25CAED}.Release|iPhoneSimulator.ActiveCfg = Release|iPhoneSimulator
		{587E1BDC-3BFF-4FA3-9AE3-EB207D25CAED}.Release|iPhoneSimulator.Build.0 = Release|iPhoneSimulator
		{587E1BDC-3BFF-4FA3-9AE3-EB207D25CAED}.Release|iPhoneSimulator.Deploy.0 = Release|iPhoneSimulator
	EndGlobalSection
	GlobalSection(SolutionProperties) = preSolution
		HideSolutionNode = FALSE
	EndGlobalSection
	GlobalSection(ExtensibilityGlobals) = postSolution
		SolutionGuid = {7A1CEED4-971D-4BE2-8BA7-990C682F394B}
	EndGlobalSection
EndGlobal
